// !$*UTF8*$!
{
	archiveVersion = 1;
	classes = {
	};
	objectVersion = 46;
	objects = {

/* Begin PBXBuildFile section */
		FF0C35F31AF721DE004E772F /* DropboxVC.swift in Sources */ = {isa = PBXBuildFile; fileRef = FF0C35F21AF721DD004E772F /* DropboxVC.swift */; };
		FF0C36021AF83489004E772F /* Save_File.appex in Embed App Extensions */ = {isa = PBXBuildFile; fileRef = FF0C35F81AF83489004E772F /* Save_File.appex */; settings = {ATTRIBUTES = (RemoveHeadersOnCopy, ); }; };
		FF0C361A1AF87A55004E772F /* ActionViewController.swift in Sources */ = {isa = PBXBuildFile; fileRef = FF0C36191AF87A55004E772F /* ActionViewController.swift */; };
		FF0C361C1AF87A56004E772F /* MainInterface.storyboard in Resources */ = {isa = PBXBuildFile; fileRef = FF0C361B1AF87A56004E772F /* MainInterface.storyboard */; };
		FF0C361F1AF87A56004E772F /* OnePlace.appex in Embed App Extensions */ = {isa = PBXBuildFile; fileRef = FF0C36151AF87A55004E772F /* OnePlace.appex */; settings = {ATTRIBUTES = (RemoveHeadersOnCopy, ); }; };
		FF0C36241AF92CB5004E772F /* OnePlace.entitlements in Resources */ = {isa = PBXBuildFile; fileRef = FF0C36231AF88C9F004E772F /* OnePlace.entitlements */; };
		FF0C36251AF92CB6004E772F /* OnePlace.entitlements in Resources */ = {isa = PBXBuildFile; fileRef = FF0C36231AF88C9F004E772F /* OnePlace.entitlements */; };
		FF0C36271AF9307E004E772F /* SharedGroups.swift in Sources */ = {isa = PBXBuildFile; fileRef = FF0C36261AF9307E004E772F /* SharedGroups.swift */; };
		FF0C36281AF9307E004E772F /* SharedGroups.swift in Sources */ = {isa = PBXBuildFile; fileRef = FF0C36261AF9307E004E772F /* SharedGroups.swift */; };
		FF0C362A1AF93262004E772F /* ActionViewController.swift in Sources */ = {isa = PBXBuildFile; fileRef = FF0C36191AF87A55004E772F /* ActionViewController.swift */; };
		FF12613D1AD3016100135C60 /* AppDelegate.swift in Sources */ = {isa = PBXBuildFile; fileRef = FF12613C1AD3016100135C60 /* AppDelegate.swift */; };
		FF1261421AD3016100135C60 /* Main.storyboard in Resources */ = {isa = PBXBuildFile; fileRef = FF1261401AD3016100135C60 /* Main.storyboard */; };
		FF1261441AD3016100135C60 /* Images.xcassets in Resources */ = {isa = PBXBuildFile; fileRef = FF1261431AD3016100135C60 /* Images.xcassets */; };
		FF1261471AD3016100135C60 /* LaunchScreen.xib in Resources */ = {isa = PBXBuildFile; fileRef = FF1261451AD3016100135C60 /* LaunchScreen.xib */; };
		FF1261531AD3016100135C60 /* File_ManagerTests.swift in Sources */ = {isa = PBXBuildFile; fileRef = FF1261521AD3016100135C60 /* File_ManagerTests.swift */; };
		FF12615D1AD30C0600135C60 /* FileManager.swift in Sources */ = {isa = PBXBuildFile; fileRef = FF12615C1AD30C0600135C60 /* FileManager.swift */; };
		FF2D27131AE888D900B358A1 /* ImgViewVC.swift in Sources */ = {isa = PBXBuildFile; fileRef = FF2D27121AE888D900B358A1 /* ImgViewVC.swift */; };
		FF4879A21ADD9C1500BE7EF6 /* FolderTableViewController.swift in Sources */ = {isa = PBXBuildFile; fileRef = FF4879A11ADD9C1500BE7EF6 /* FolderTableViewController.swift */; };
		FF4879A41ADDA9A500BE7EF6 /* FolderCreateVC.swift in Sources */ = {isa = PBXBuildFile; fileRef = FF4879A31ADDA9A500BE7EF6 /* FolderCreateVC.swift */; };
		FF89A6021AF1B1F300E6C28A /* WebViewVC.swift in Sources */ = {isa = PBXBuildFile; fileRef = FF89A6011AF1B1F300E6C28A /* WebViewVC.swift */; };
		FFF07FEE1AF4588A00AFC979 /* Dropbox.framework in Frameworks */ = {isa = PBXBuildFile; fileRef = FFF07FED1AF4588A00AFC979 /* Dropbox.framework */; };
		FFF07FF01AF459E000AFC979 /* CFNetwork.framework in Frameworks */ = {isa = PBXBuildFile; fileRef = FFF07FEF1AF459E000AFC979 /* CFNetwork.framework */; };
		FFF07FF21AF459ED00AFC979 /* Security.framework in Frameworks */ = {isa = PBXBuildFile; fileRef = FFF07FF11AF459ED00AFC979 /* Security.framework */; };
		FFF07FF41AF459F600AFC979 /* SystemConfiguration.framework in Frameworks */ = {isa = PBXBuildFile; fileRef = FFF07FF31AF459F600AFC979 /* SystemConfiguration.framework */; };
		FFF07FF61AF45A0000AFC979 /* QuartzCore.framework in Frameworks */ = {isa = PBXBuildFile; fileRef = FFF07FF51AF45A0000AFC979 /* QuartzCore.framework */; };
		FFF07FF81AF45A2900AFC979 /* libc++.dylib in Frameworks */ = {isa = PBXBuildFile; fileRef = FFF07FF71AF45A2900AFC979 /* libc++.dylib */; };
		FFF07FFA1AF45A3A00AFC979 /* libz.dylib in Frameworks */ = {isa = PBXBuildFile; fileRef = FFF07FF91AF45A3A00AFC979 /* libz.dylib */; };
		FFF07FFF1AF46FDC00AFC979 /* DropboxManager.swift in Sources */ = {isa = PBXBuildFile; fileRef = FFF07FFE1AF46FDC00AFC979 /* DropboxManager.swift */; };
/* End PBXBuildFile section */

/* Begin PBXContainerItemProxy section */
		FF0C36001AF83489004E772F /* PBXContainerItemProxy */ = {
			isa = PBXContainerItemProxy;
			containerPortal = FF12612F1AD3016000135C60 /* Project object */;
			proxyType = 1;
			remoteGlobalIDString = FF0C35F71AF83489004E772F;
			remoteInfo = Save_File;
		};
		FF0C361D1AF87A56004E772F /* PBXContainerItemProxy */ = {
			isa = PBXContainerItemProxy;
			containerPortal = FF12612F1AD3016000135C60 /* Project object */;
			proxyType = 1;
			remoteGlobalIDString = FF0C36141AF87A55004E772F;
			remoteInfo = OnePlace;
		};
		FF12614D1AD3016100135C60 /* PBXContainerItemProxy */ = {
			isa = PBXContainerItemProxy;
			containerPortal = FF12612F1AD3016000135C60 /* Project object */;
			proxyType = 1;
			remoteGlobalIDString = FF1261361AD3016000135C60;
			remoteInfo = File_Manager;
		};
/* End PBXContainerItemProxy section */

/* Begin PBXCopyFilesBuildPhase section */
		FF0C36061AF8348A004E772F /* Embed App Extensions */ = {
			isa = PBXCopyFilesBuildPhase;
			buildActionMask = 2147483647;
			dstPath = "";
			dstSubfolderSpec = 13;
			files = (
				FF0C36021AF83489004E772F /* Save_File.appex in Embed App Extensions */,
				FF0C361F1AF87A56004E772F /* OnePlace.appex in Embed App Extensions */,
			);
			name = "Embed App Extensions";
			runOnlyForDeploymentPostprocessing = 0;
		};
/* End PBXCopyFilesBuildPhase section */

/* Begin PBXFileReference section */
		FF0C35F21AF721DD004E772F /* DropboxVC.swift */ = {isa = PBXFileReference; fileEncoding = 4; lastKnownFileType = sourcecode.swift; path = DropboxVC.swift; sourceTree = "<group>"; };
		FF0C35F81AF83489004E772F /* Save_File.appex */ = {isa = PBXFileReference; explicitFileType = "wrapper.app-extension"; includeInIndex = 0; path = Save_File.appex; sourceTree = BUILT_PRODUCTS_DIR; };
		FF0C36151AF87A55004E772F /* OnePlace.appex */ = {isa = PBXFileReference; explicitFileType = "wrapper.app-extension"; includeInIndex = 0; path = OnePlace.appex; sourceTree = BUILT_PRODUCTS_DIR; };
		FF0C36181AF87A55004E772F /* Info.plist */ = {isa = PBXFileReference; lastKnownFileType = text.plist.xml; path = Info.plist; sourceTree = "<group>"; };
		FF0C36191AF87A55004E772F /* ActionViewController.swift */ = {isa = PBXFileReference; lastKnownFileType = sourcecode.swift; path = ActionViewController.swift; sourceTree = "<group>"; };
		FF0C361B1AF87A56004E772F /* MainInterface.storyboard */ = {isa = PBXFileReference; lastKnownFileType = file.storyboard; path = MainInterface.storyboard; sourceTree = "<group>"; };
		FF0C36231AF88C9F004E772F /* OnePlace.entitlements */ = {isa = PBXFileReference; lastKnownFileType = text.xml; path = OnePlace.entitlements; sourceTree = "<group>"; };
		FF0C36261AF9307E004E772F /* SharedGroups.swift */ = {isa = PBXFileReference; fileEncoding = 4; lastKnownFileType = sourcecode.swift; path = SharedGroups.swift; sourceTree = "<group>"; };
		FF0C362B1AF94385004E772F /* File_Manager.entitlements */ = {isa = PBXFileReference; lastKnownFileType = text.xml; path = File_Manager.entitlements; sourceTree = "<group>"; };
		FF1261371AD3016000135C60 /* File_Manager.app */ = {isa = PBXFileReference; explicitFileType = wrapper.application; includeInIndex = 0; path = File_Manager.app; sourceTree = BUILT_PRODUCTS_DIR; };
		FF12613B1AD3016100135C60 /* Info.plist */ = {isa = PBXFileReference; lastKnownFileType = text.plist.xml; path = Info.plist; sourceTree = "<group>"; };
		FF12613C1AD3016100135C60 /* AppDelegate.swift */ = {isa = PBXFileReference; lastKnownFileType = sourcecode.swift; path = AppDelegate.swift; sourceTree = "<group>"; };
		FF1261411AD3016100135C60 /* Base */ = {isa = PBXFileReference; lastKnownFileType = file.storyboard; name = Base; path = Base.lproj/Main.storyboard; sourceTree = "<group>"; };
		FF1261431AD3016100135C60 /* Images.xcassets */ = {isa = PBXFileReference; lastKnownFileType = folder.assetcatalog; path = Images.xcassets; sourceTree = "<group>"; };
		FF1261461AD3016100135C60 /* Base */ = {isa = PBXFileReference; lastKnownFileType = file.xib; name = Base; path = Base.lproj/LaunchScreen.xib; sourceTree = "<group>"; };
		FF12614C1AD3016100135C60 /* File_ManagerTests.xctest */ = {isa = PBXFileReference; explicitFileType = wrapper.cfbundle; includeInIndex = 0; path = File_ManagerTests.xctest; sourceTree = BUILT_PRODUCTS_DIR; };
		FF1261511AD3016100135C60 /* Info.plist */ = {isa = PBXFileReference; lastKnownFileType = text.plist.xml; path = Info.plist; sourceTree = "<group>"; };
		FF1261521AD3016100135C60 /* File_ManagerTests.swift */ = {isa = PBXFileReference; lastKnownFileType = sourcecode.swift; path = File_ManagerTests.swift; sourceTree = "<group>"; };
		FF12615C1AD30C0600135C60 /* FileManager.swift */ = {isa = PBXFileReference; fileEncoding = 4; lastKnownFileType = sourcecode.swift; path = FileManager.swift; sourceTree = "<group>"; };
		FF2D27121AE888D900B358A1 /* ImgViewVC.swift */ = {isa = PBXFileReference; fileEncoding = 4; lastKnownFileType = sourcecode.swift; path = ImgViewVC.swift; sourceTree = "<group>"; };
		FF4879A11ADD9C1500BE7EF6 /* FolderTableViewController.swift */ = {isa = PBXFileReference; fileEncoding = 4; lastKnownFileType = sourcecode.swift; path = FolderTableViewController.swift; sourceTree = "<group>"; };
		FF4879A31ADDA9A500BE7EF6 /* FolderCreateVC.swift */ = {isa = PBXFileReference; fileEncoding = 4; lastKnownFileType = sourcecode.swift; path = FolderCreateVC.swift; sourceTree = "<group>"; };
		FF89A6011AF1B1F300E6C28A /* WebViewVC.swift */ = {isa = PBXFileReference; fileEncoding = 4; lastKnownFileType = sourcecode.swift; path = WebViewVC.swift; sourceTree = "<group>"; };
		FFF07FED1AF4588A00AFC979 /* Dropbox.framework */ = {isa = PBXFileReference; lastKnownFileType = wrapper.framework; name = Dropbox.framework; path = File_Manager/Dropbox.framework; sourceTree = "<group>"; };
		FFF07FEF1AF459E000AFC979 /* CFNetwork.framework */ = {isa = PBXFileReference; lastKnownFileType = wrapper.framework; name = CFNetwork.framework; path = System/Library/Frameworks/CFNetwork.framework; sourceTree = SDKROOT; };
		FFF07FF11AF459ED00AFC979 /* Security.framework */ = {isa = PBXFileReference; lastKnownFileType = wrapper.framework; name = Security.framework; path = System/Library/Frameworks/Security.framework; sourceTree = SDKROOT; };
		FFF07FF31AF459F600AFC979 /* SystemConfiguration.framework */ = {isa = PBXFileReference; lastKnownFileType = wrapper.framework; name = SystemConfiguration.framework; path = System/Library/Frameworks/SystemConfiguration.framework; sourceTree = SDKROOT; };
		FFF07FF51AF45A0000AFC979 /* QuartzCore.framework */ = {isa = PBXFileReference; lastKnownFileType = wrapper.framework; name = QuartzCore.framework; path = System/Library/Frameworks/QuartzCore.framework; sourceTree = SDKROOT; };
		FFF07FF71AF45A2900AFC979 /* libc++.dylib */ = {isa = PBXFileReference; lastKnownFileType = "compiled.mach-o.dylib"; name = "libc++.dylib"; path = "usr/lib/libc++.dylib"; sourceTree = SDKROOT; };
		FFF07FF91AF45A3A00AFC979 /* libz.dylib */ = {isa = PBXFileReference; lastKnownFileType = "compiled.mach-o.dylib"; name = libz.dylib; path = usr/lib/libz.dylib; sourceTree = SDKROOT; };
		FFF07FFE1AF46FDC00AFC979 /* DropboxManager.swift */ = {isa = PBXFileReference; fileEncoding = 4; lastKnownFileType = sourcecode.swift; path = DropboxManager.swift; sourceTree = "<group>"; };
/* End PBXFileReference section */

/* Begin PBXFrameworksBuildPhase section */
		FF0C35F51AF83489004E772F /* Frameworks */ = {
			isa = PBXFrameworksBuildPhase;
			buildActionMask = 2147483647;
			files = (
			);
			runOnlyForDeploymentPostprocessing = 0;
		};
		FF0C36121AF87A55004E772F /* Frameworks */ = {
			isa = PBXFrameworksBuildPhase;
			buildActionMask = 2147483647;
			files = (
			);
			runOnlyForDeploymentPostprocessing = 0;
		};
		FF1261341AD3016000135C60 /* Frameworks */ = {
			isa = PBXFrameworksBuildPhase;
			buildActionMask = 2147483647;
			files = (
				FFF07FEE1AF4588A00AFC979 /* Dropbox.framework in Frameworks */,
				FFF07FFA1AF45A3A00AFC979 /* libz.dylib in Frameworks */,
				FFF07FF81AF45A2900AFC979 /* libc++.dylib in Frameworks */,
				FFF07FF61AF45A0000AFC979 /* QuartzCore.framework in Frameworks */,
				FFF07FF41AF459F600AFC979 /* SystemConfiguration.framework in Frameworks */,
				FFF07FF21AF459ED00AFC979 /* Security.framework in Frameworks */,
				FFF07FF01AF459E000AFC979 /* CFNetwork.framework in Frameworks */,
			);
			runOnlyForDeploymentPostprocessing = 0;
		};
		FF1261491AD3016100135C60 /* Frameworks */ = {
			isa = PBXFrameworksBuildPhase;
			buildActionMask = 2147483647;
			files = (
			);
			runOnlyForDeploymentPostprocessing = 0;
		};
/* End PBXFrameworksBuildPhase section */

/* Begin PBXGroup section */
		FF0C36161AF87A55004E772F /* OnePlace */ = {
			isa = PBXGroup;
			children = (
				FF0C36231AF88C9F004E772F /* OnePlace.entitlements */,
				FF0C36191AF87A55004E772F /* ActionViewController.swift */,
				FF0C361B1AF87A56004E772F /* MainInterface.storyboard */,
				FF0C36171AF87A55004E772F /* Supporting Files */,
			);
			path = OnePlace;
			sourceTree = "<group>";
		};
		FF0C36171AF87A55004E772F /* Supporting Files */ = {
			isa = PBXGroup;
			children = (
				FF0C36181AF87A55004E772F /* Info.plist */,
			);
			name = "Supporting Files";
			sourceTree = "<group>";
		};
		FF12612E1AD3016000135C60 = {
			isa = PBXGroup;
			children = (
				FF0C36261AF9307E004E772F /* SharedGroups.swift */,
				FFF07FF91AF45A3A00AFC979 /* libz.dylib */,
				FFF07FF71AF45A2900AFC979 /* libc++.dylib */,
				FFF07FED1AF4588A00AFC979 /* Dropbox.framework */,
				FFF07FF51AF45A0000AFC979 /* QuartzCore.framework */,
				FFF07FF31AF459F600AFC979 /* SystemConfiguration.framework */,
				FFF07FF11AF459ED00AFC979 /* Security.framework */,
				FFF07FEF1AF459E000AFC979 /* CFNetwork.framework */,
				FF1261391AD3016000135C60 /* File_Manager */,
				FF12614F1AD3016100135C60 /* File_ManagerTests */,
				FF0C36161AF87A55004E772F /* OnePlace */,
				FF1261381AD3016000135C60 /* Products */,
			);
			sourceTree = "<group>";
		};
		FF1261381AD3016000135C60 /* Products */ = {
			isa = PBXGroup;
			children = (
				FF1261371AD3016000135C60 /* File_Manager.app */,
				FF12614C1AD3016100135C60 /* File_ManagerTests.xctest */,
				FF0C35F81AF83489004E772F /* Save_File.appex */,
				FF0C36151AF87A55004E772F /* OnePlace.appex */,
			);
			name = Products;
			sourceTree = "<group>";
		};
		FF1261391AD3016000135C60 /* File_Manager */ = {
			isa = PBXGroup;
			children = (
				FF0C362B1AF94385004E772F /* File_Manager.entitlements */,
				FF1261401AD3016100135C60 /* Main.storyboard */,
				FF12615C1AD30C0600135C60 /* FileManager.swift */,
				FFF07FFE1AF46FDC00AFC979 /* DropboxManager.swift */,
				FF12613C1AD3016100135C60 /* AppDelegate.swift */,
				FF4879A11ADD9C1500BE7EF6 /* FolderTableViewController.swift */,
				FF4879A31ADDA9A500BE7EF6 /* FolderCreateVC.swift */,
				FF2D27121AE888D900B358A1 /* ImgViewVC.swift */,
				FF89A6011AF1B1F300E6C28A /* WebViewVC.swift */,
				FF0C35F21AF721DD004E772F /* DropboxVC.swift */,
				FF1261431AD3016100135C60 /* Images.xcassets */,
				FF1261451AD3016100135C60 /* LaunchScreen.xib */,
				FF12613A1AD3016100135C60 /* Supporting Files */,
			);
			path = File_Manager;
			sourceTree = "<group>";
		};
		FF12613A1AD3016100135C60 /* Supporting Files */ = {
			isa = PBXGroup;
			children = (
				FF12613B1AD3016100135C60 /* Info.plist */,
			);
			name = "Supporting Files";
			sourceTree = "<group>";
		};
		FF12614F1AD3016100135C60 /* File_ManagerTests */ = {
			isa = PBXGroup;
			children = (
				FF1261521AD3016100135C60 /* File_ManagerTests.swift */,
				FF1261501AD3016100135C60 /* Supporting Files */,
			);
			path = File_ManagerTests;
			sourceTree = "<group>";
		};
		FF1261501AD3016100135C60 /* Supporting Files */ = {
			isa = PBXGroup;
			children = (
				FF1261511AD3016100135C60 /* Info.plist */,
			);
			name = "Supporting Files";
			sourceTree = "<group>";
		};
/* End PBXGroup section */

/* Begin PBXNativeTarget section */
		FF0C35F71AF83489004E772F /* Save_File */ = {
			isa = PBXNativeTarget;
			buildConfigurationList = FF0C36031AF8348A004E772F /* Build configuration list for PBXNativeTarget "Save_File" */;
			buildPhases = (
				FF0C35F41AF83489004E772F /* Sources */,
				FF0C35F51AF83489004E772F /* Frameworks */,
				FF0C35F61AF83489004E772F /* Resources */,
			);
			buildRules = (
			);
			dependencies = (
			);
			name = Save_File;
			productName = Save_File;
			productReference = FF0C35F81AF83489004E772F /* Save_File.appex */;
			productType = "com.apple.product-type.app-extension";
		};
		FF0C36141AF87A55004E772F /* OnePlace */ = {
			isa = PBXNativeTarget;
			buildConfigurationList = FF0C36201AF87A56004E772F /* Build configuration list for PBXNativeTarget "OnePlace" */;
			buildPhases = (
				FF0C36111AF87A55004E772F /* Sources */,
				FF0C36121AF87A55004E772F /* Frameworks */,
				FF0C36131AF87A55004E772F /* Resources */,
			);
			buildRules = (
			);
			dependencies = (
			);
			name = OnePlace;
			productName = OnePlace;
			productReference = FF0C36151AF87A55004E772F /* OnePlace.appex */;
			productType = "com.apple.product-type.app-extension";
		};
		FF1261361AD3016000135C60 /* File_Manager */ = {
			isa = PBXNativeTarget;
			buildConfigurationList = FF1261561AD3016100135C60 /* Build configuration list for PBXNativeTarget "File_Manager" */;
			buildPhases = (
				FF1261331AD3016000135C60 /* Sources */,
				FF1261341AD3016000135C60 /* Frameworks */,
				FF1261351AD3016000135C60 /* Resources */,
				FF0C36061AF8348A004E772F /* Embed App Extensions */,
			);
			buildRules = (
			);
			dependencies = (
				FF0C36011AF83489004E772F /* PBXTargetDependency */,
				FF0C361E1AF87A56004E772F /* PBXTargetDependency */,
			);
			name = File_Manager;
			productName = File_Manager;
			productReference = FF1261371AD3016000135C60 /* File_Manager.app */;
			productType = "com.apple.product-type.application";
		};
		FF12614B1AD3016100135C60 /* File_ManagerTests */ = {
			isa = PBXNativeTarget;
			buildConfigurationList = FF1261591AD3016100135C60 /* Build configuration list for PBXNativeTarget "File_ManagerTests" */;
			buildPhases = (
				FF1261481AD3016100135C60 /* Sources */,
				FF1261491AD3016100135C60 /* Frameworks */,
				FF12614A1AD3016100135C60 /* Resources */,
			);
			buildRules = (
			);
			dependencies = (
				FF12614E1AD3016100135C60 /* PBXTargetDependency */,
			);
			name = File_ManagerTests;
			productName = File_ManagerTests;
			productReference = FF12614C1AD3016100135C60 /* File_ManagerTests.xctest */;
			productType = "com.apple.product-type.bundle.unit-test";
		};
/* End PBXNativeTarget section */

/* Begin PBXProject section */
		FF12612F1AD3016000135C60 /* Project object */ = {
			isa = PBXProject;
			attributes = {
				LastUpgradeCheck = 0610;
				ORGANIZATIONNAME = "Elliott Walker";
				TargetAttributes = {
					FF0C35F71AF83489004E772F = {
						CreatedOnToolsVersion = 6.3.1;
						DevelopmentTeam = 7RY8Q2527H;
						SystemCapabilities = {
							com.apple.ApplicationGroups.iOS = {
								enabled = 1;
							};
						};
					};
					FF0C36141AF87A55004E772F = {
						CreatedOnToolsVersion = 6.3.1;
						DevelopmentTeam = 7RY8Q2527H;
						SystemCapabilities = {
							com.apple.ApplicationGroups.iOS = {
								enabled = 1;
							};
						};
					};
					FF1261361AD3016000135C60 = {
						CreatedOnToolsVersion = 6.1.1;
						DevelopmentTeam = 7RY8Q2527H;
						SystemCapabilities = {
							com.apple.ApplicationGroups.iOS = {
								enabled = 1;
							};
						};
					};
					FF12614B1AD3016100135C60 = {
						CreatedOnToolsVersion = 6.1.1;
						TestTargetID = FF1261361AD3016000135C60;
					};
				};
			};
			buildConfigurationList = FF1261321AD3016000135C60 /* Build configuration list for PBXProject "File_Manager" */;
			compatibilityVersion = "Xcode 3.2";
			developmentRegion = English;
			hasScannedForEncodings = 0;
			knownRegions = (
				en,
				Base,
			);
			mainGroup = FF12612E1AD3016000135C60;
			productRefGroup = FF1261381AD3016000135C60 /* Products */;
			projectDirPath = "";
			projectRoot = "";
			targets = (
				FF1261361AD3016000135C60 /* File_Manager */,
				FF12614B1AD3016100135C60 /* File_ManagerTests */,
				FF0C35F71AF83489004E772F /* Save_File */,
				FF0C36141AF87A55004E772F /* OnePlace */,
			);
		};
/* End PBXProject section */

/* Begin PBXResourcesBuildPhase section */
		FF0C35F61AF83489004E772F /* Resources */ = {
			isa = PBXResourcesBuildPhase;
			buildActionMask = 2147483647;
			files = (
			);
			runOnlyForDeploymentPostprocessing = 0;
		};
		FF0C36131AF87A55004E772F /* Resources */ = {
			isa = PBXResourcesBuildPhase;
			buildActionMask = 2147483647;
			files = (
				FF0C36251AF92CB6004E772F /* OnePlace.entitlements in Resources */,
				FF0C361C1AF87A56004E772F /* MainInterface.storyboard in Resources */,
			);
			runOnlyForDeploymentPostprocessing = 0;
		};
		FF1261351AD3016000135C60 /* Resources */ = {
			isa = PBXResourcesBuildPhase;
			buildActionMask = 2147483647;
			files = (
				FF1261421AD3016100135C60 /* Main.storyboard in Resources */,
				FF1261471AD3016100135C60 /* LaunchScreen.xib in Resources */,
				FF0C36241AF92CB5004E772F /* OnePlace.entitlements in Resources */,
				FF1261441AD3016100135C60 /* Images.xcassets in Resources */,
			);
			runOnlyForDeploymentPostprocessing = 0;
		};
		FF12614A1AD3016100135C60 /* Resources */ = {
			isa = PBXResourcesBuildPhase;
			buildActionMask = 2147483647;
			files = (
			);
			runOnlyForDeploymentPostprocessing = 0;
		};
/* End PBXResourcesBuildPhase section */

/* Begin PBXSourcesBuildPhase section */
		FF0C35F41AF83489004E772F /* Sources */ = {
			isa = PBXSourcesBuildPhase;
			buildActionMask = 2147483647;
			files = (
			);
			runOnlyForDeploymentPostprocessing = 0;
		};
		FF0C36111AF87A55004E772F /* Sources */ = {
			isa = PBXSourcesBuildPhase;
			buildActionMask = 2147483647;
			files = (
				FF0C36281AF9307E004E772F /* SharedGroups.swift in Sources */,
				FF0C361A1AF87A55004E772F /* ActionViewController.swift in Sources */,
			);
			runOnlyForDeploymentPostprocessing = 0;
		};
		FF1261331AD3016000135C60 /* Sources */ = {
			isa = PBXSourcesBuildPhase;
			buildActionMask = 2147483647;
			files = (
				FF4879A41ADDA9A500BE7EF6 /* FolderCreateVC.swift in Sources */,
				FF0C36271AF9307E004E772F /* SharedGroups.swift in Sources */,
				FF4879A21ADD9C1500BE7EF6 /* FolderTableViewController.swift in Sources */,
				FF12615D1AD30C0600135C60 /* FileManager.swift in Sources */,
				FFF07FFF1AF46FDC00AFC979 /* DropboxManager.swift in Sources */,
				FF2D27131AE888D900B358A1 /* ImgViewVC.swift in Sources */,
				FF0C362A1AF93262004E772F /* ActionViewController.swift in Sources */,
				FF89A6021AF1B1F300E6C28A /* WebViewVC.swift in Sources */,
				FF0C35F31AF721DE004E772F /* DropboxVC.swift in Sources */,
				FF12613D1AD3016100135C60 /* AppDelegate.swift in Sources */,
			);
			runOnlyForDeploymentPostprocessing = 0;
		};
		FF1261481AD3016100135C60 /* Sources */ = {
			isa = PBXSourcesBuildPhase;
			buildActionMask = 2147483647;
			files = (
				FF1261531AD3016100135C60 /* File_ManagerTests.swift in Sources */,
			);
			runOnlyForDeploymentPostprocessing = 0;
		};
/* End PBXSourcesBuildPhase section */

/* Begin PBXTargetDependency section */
		FF0C36011AF83489004E772F /* PBXTargetDependency */ = {
			isa = PBXTargetDependency;
			target = FF0C35F71AF83489004E772F /* Save_File */;
			targetProxy = FF0C36001AF83489004E772F /* PBXContainerItemProxy */;
		};
		FF0C361E1AF87A56004E772F /* PBXTargetDependency */ = {
			isa = PBXTargetDependency;
			target = FF0C36141AF87A55004E772F /* OnePlace */;
			targetProxy = FF0C361D1AF87A56004E772F /* PBXContainerItemProxy */;
		};
		FF12614E1AD3016100135C60 /* PBXTargetDependency */ = {
			isa = PBXTargetDependency;
			target = FF1261361AD3016000135C60 /* File_Manager */;
			targetProxy = FF12614D1AD3016100135C60 /* PBXContainerItemProxy */;
		};
/* End PBXTargetDependency section */

/* Begin PBXVariantGroup section */
		FF1261401AD3016100135C60 /* Main.storyboard */ = {
			isa = PBXVariantGroup;
			children = (
				FF1261411AD3016100135C60 /* Base */,
			);
			name = Main.storyboard;
			sourceTree = "<group>";
		};
		FF1261451AD3016100135C60 /* LaunchScreen.xib */ = {
			isa = PBXVariantGroup;
			children = (
				FF1261461AD3016100135C60 /* Base */,
			);
			name = LaunchScreen.xib;
			sourceTree = "<group>";
		};
/* End PBXVariantGroup section */

/* Begin XCBuildConfiguration section */
		FF0C36041AF8348A004E772F /* Debug */ = {
			isa = XCBuildConfiguration;
			buildSettings = {
				CODE_SIGN_ENTITLEMENTS = Save_File/Save_File.entitlements;
				CODE_SIGN_IDENTITY = "iPhone Developer";
				"CODE_SIGN_IDENTITY[sdk=iphoneos*]" = "iPhone Developer";
				DEBUG_INFORMATION_FORMAT = "dwarf-with-dsym";
				GCC_NO_COMMON_BLOCKS = YES;
				GCC_PREPROCESSOR_DEFINITIONS = (
					"DEBUG=1",
					"$(inherited)",
				);
				INFOPLIST_FILE = Save_File/Info.plist;
				IPHONEOS_DEPLOYMENT_TARGET = 8.1;
				LD_RUNPATH_SEARCH_PATHS = "$(inherited) @executable_path/Frameworks @executable_path/../../Frameworks";
				PRODUCT_NAME = "$(TARGET_NAME)";
				PROVISIONING_PROFILE = "";
				SKIP_INSTALL = NO;
			};
			name = Debug;
		};
		FF0C36051AF8348A004E772F /* Release */ = {
			isa = XCBuildConfiguration;
			buildSettings = {
				CODE_SIGN_ENTITLEMENTS = Save_File/Save_File.entitlements;
				CODE_SIGN_IDENTITY = "iPhone Developer";
				"CODE_SIGN_IDENTITY[sdk=iphoneos*]" = "iPhone Developer";
				COPY_PHASE_STRIP = YES;
				DEBUG_INFORMATION_FORMAT = "dwarf-with-dsym";
				GCC_NO_COMMON_BLOCKS = YES;
				INFOPLIST_FILE = Save_File/Info.plist;
				IPHONEOS_DEPLOYMENT_TARGET = 8.1;
				LD_RUNPATH_SEARCH_PATHS = "$(inherited) @executable_path/Frameworks @executable_path/../../Frameworks";
				PRODUCT_NAME = "$(TARGET_NAME)";
				PROVISIONING_PROFILE = "";
				SKIP_INSTALL = NO;
			};
			name = Release;
		};
		FF0C36211AF87A56004E772F /* Debug */ = {
			isa = XCBuildConfiguration;
			buildSettings = {
				CODE_SIGN_ENTITLEMENTS = OnePlace/OnePlace.entitlements;
				CODE_SIGN_IDENTITY = "iPhone Developer";
				"CODE_SIGN_IDENTITY[sdk=iphoneos*]" = "iPhone Developer";
				DEBUG_INFORMATION_FORMAT = "dwarf-with-dsym";
				GCC_NO_COMMON_BLOCKS = YES;
				GCC_PREPROCESSOR_DEFINITIONS = (
					"DEBUG=1",
					"$(inherited)",
				);
				INFOPLIST_FILE = OnePlace/Info.plist;
				IPHONEOS_DEPLOYMENT_TARGET = 8.1;
				LD_RUNPATH_SEARCH_PATHS = "$(inherited) @executable_path/Frameworks @executable_path/../../Frameworks";
				ONLY_ACTIVE_ARCH = YES;
				PRODUCT_NAME = "$(TARGET_NAME)";
				PROVISIONING_PROFILE = "";
				SKIP_INSTALL = NO;
			};
			name = Debug;
		};
		FF0C36221AF87A56004E772F /* Release */ = {
			isa = XCBuildConfiguration;
			buildSettings = {
				CODE_SIGN_ENTITLEMENTS = OnePlace/OnePlace.entitlements;
				CODE_SIGN_IDENTITY = "iPhone Developer";
				"CODE_SIGN_IDENTITY[sdk=iphoneos*]" = "iPhone Developer";
				COPY_PHASE_STRIP = YES;
				DEBUG_INFORMATION_FORMAT = "dwarf-with-dsym";
				GCC_NO_COMMON_BLOCKS = YES;
				INFOPLIST_FILE = OnePlace/Info.plist;
				IPHONEOS_DEPLOYMENT_TARGET = 8.1;
				LD_RUNPATH_SEARCH_PATHS = "$(inherited) @executable_path/Frameworks @executable_path/../../Frameworks";
				ONLY_ACTIVE_ARCH = YES;
				PRODUCT_NAME = "$(TARGET_NAME)";
				PROVISIONING_PROFILE = "";
				SKIP_INSTALL = NO;
			};
			name = Release;
		};
		FF1261541AD3016100135C60 /* Debug */ = {
			isa = XCBuildConfiguration;
			buildSettings = {
				ALWAYS_SEARCH_USER_PATHS = NO;
				CLANG_CXX_LANGUAGE_STANDARD = "gnu++0x";
				CLANG_CXX_LIBRARY = "libc++";
				CLANG_ENABLE_MODULES = YES;
				CLANG_ENABLE_OBJC_ARC = YES;
				CLANG_WARN_BOOL_CONVERSION = YES;
				CLANG_WARN_CONSTANT_CONVERSION = YES;
				CLANG_WARN_DIRECT_OBJC_ISA_USAGE = YES_ERROR;
				CLANG_WARN_EMPTY_BODY = YES;
				CLANG_WARN_ENUM_CONVERSION = YES;
				CLANG_WARN_INT_CONVERSION = YES;
				CLANG_WARN_OBJC_ROOT_CLASS = YES_ERROR;
				CLANG_WARN_UNREACHABLE_CODE = YES;
				CLANG_WARN__DUPLICATE_METHOD_MATCH = YES;
				"CODE_SIGN_IDENTITY[sdk=iphoneos*]" = "iPhone Developer";
				COPY_PHASE_STRIP = NO;
				ENABLE_STRICT_OBJC_MSGSEND = YES;
				GCC_C_LANGUAGE_STANDARD = gnu99;
				GCC_DYNAMIC_NO_PIC = NO;
				GCC_NO_COMMON_BLOCKS = YES;
				GCC_OPTIMIZATION_LEVEL = 0;
				GCC_PREPROCESSOR_DEFINITIONS = (
					"DEBUG=1",
					"$(inherited)",
				);
				GCC_SYMBOLS_PRIVATE_EXTERN = NO;
				GCC_WARN_64_TO_32_BIT_CONVERSION = YES;
				GCC_WARN_ABOUT_RETURN_TYPE = YES_ERROR;
				GCC_WARN_UNDECLARED_SELECTOR = YES;
				GCC_WARN_UNINITIALIZED_AUTOS = YES_AGGRESSIVE;
				GCC_WARN_UNUSED_FUNCTION = YES;
				GCC_WARN_UNUSED_VARIABLE = YES;
				IPHONEOS_DEPLOYMENT_TARGET = 8.1;
				MTL_ENABLE_DEBUG_INFO = YES;
				ONLY_ACTIVE_ARCH = YES;
				SDKROOT = iphoneos;
				SWIFT_OPTIMIZATION_LEVEL = "-Onone";
			};
			name = Debug;
		};
		FF1261551AD3016100135C60 /* Release */ = {
			isa = XCBuildConfiguration;
			buildSettings = {
				ALWAYS_SEARCH_USER_PATHS = NO;
				CLANG_CXX_LANGUAGE_STANDARD = "gnu++0x";
				CLANG_CXX_LIBRARY = "libc++";
				CLANG_ENABLE_MODULES = YES;
				CLANG_ENABLE_OBJC_ARC = YES;
				CLANG_WARN_BOOL_CONVERSION = YES;
				CLANG_WARN_CONSTANT_CONVERSION = YES;
				CLANG_WARN_DIRECT_OBJC_ISA_USAGE = YES_ERROR;
				CLANG_WARN_EMPTY_BODY = YES;
				CLANG_WARN_ENUM_CONVERSION = YES;
				CLANG_WARN_INT_CONVERSION = YES;
				CLANG_WARN_OBJC_ROOT_CLASS = YES_ERROR;
				CLANG_WARN_UNREACHABLE_CODE = YES;
				CLANG_WARN__DUPLICATE_METHOD_MATCH = YES;
				"CODE_SIGN_IDENTITY[sdk=iphoneos*]" = "iPhone Developer";
				COPY_PHASE_STRIP = YES;
				ENABLE_NS_ASSERTIONS = NO;
				ENABLE_STRICT_OBJC_MSGSEND = YES;
				GCC_C_LANGUAGE_STANDARD = gnu99;
				GCC_NO_COMMON_BLOCKS = YES;
				GCC_WARN_64_TO_32_BIT_CONVERSION = YES;
				GCC_WARN_ABOUT_RETURN_TYPE = YES_ERROR;
				GCC_WARN_UNDECLARED_SELECTOR = YES;
				GCC_WARN_UNINITIALIZED_AUTOS = YES_AGGRESSIVE;
				GCC_WARN_UNUSED_FUNCTION = YES;
				GCC_WARN_UNUSED_VARIABLE = YES;
				IPHONEOS_DEPLOYMENT_TARGET = 8.1;
				MTL_ENABLE_DEBUG_INFO = NO;
				SDKROOT = iphoneos;
				VALIDATE_PRODUCT = YES;
			};
			name = Release;
		};
		FF1261571AD3016100135C60 /* Debug */ = {
			isa = XCBuildConfiguration;
			buildSettings = {
				ASSETCATALOG_COMPILER_APPICON_NAME = AppIcon;
				CLANG_ENABLE_MODULES = YES;
				CODE_SIGN_ENTITLEMENTS = File_Manager/File_Manager.entitlements;
				CODE_SIGN_IDENTITY = "iPhone Developer";
				"CODE_SIGN_IDENTITY[sdk=iphoneos*]" = "iPhone Developer";
				FRAMEWORK_SEARCH_PATHS = (
					"$(inherited)",
					"$(PROJECT_DIR)/File_Manager",
				);
				INFOPLIST_FILE = File_Manager/Info.plist;
				LD_RUNPATH_SEARCH_PATHS = "$(inherited) @executable_path/Frameworks";
				PRODUCT_NAME = "$(TARGET_NAME)";
				PROVISIONING_PROFILE = "";
				SWIFT_OBJC_BRIDGING_HEADER = "File_Manager-Bridging-Header.h";
				SWIFT_OPTIMIZATION_LEVEL = "-Onone";
			};
			name = Debug;
		};
		FF1261581AD3016100135C60 /* Release */ = {
			isa = XCBuildConfiguration;
			buildSettings = {
				ASSETCATALOG_COMPILER_APPICON_NAME = AppIcon;
				CLANG_ENABLE_MODULES = YES;
				CODE_SIGN_ENTITLEMENTS = File_Manager/File_Manager.entitlements;
				CODE_SIGN_IDENTITY = "iPhone Developer";
				"CODE_SIGN_IDENTITY[sdk=iphoneos*]" = "iPhone Developer";
				FRAMEWORK_SEARCH_PATHS = (
					"$(inherited)",
					"$(PROJECT_DIR)/File_Manager",
				);
				INFOPLIST_FILE = File_Manager/Info.plist;
				LD_RUNPATH_SEARCH_PATHS = "$(inherited) @executable_path/Frameworks";
				PRODUCT_NAME = "$(TARGET_NAME)";
				PROVISIONING_PROFILE = "";
				SWIFT_OBJC_BRIDGING_HEADER = "File_Manager-Bridging-Header.h";
			};
			name = Release;
		};
		FF12615A1AD3016100135C60 /* Debug */ = {
			isa = XCBuildConfiguration;
			buildSettings = {
				BUNDLE_LOADER = "$(TEST_HOST)";
				FRAMEWORK_SEARCH_PATHS = (
					"$(SDKROOT)/Developer/Library/Frameworks",
					"$(inherited)",
				);
				GCC_PREPROCESSOR_DEFINITIONS = (
					"DEBUG=1",
					"$(inherited)",
				);
				INFOPLIST_FILE = File_ManagerTests/Info.plist;
				LD_RUNPATH_SEARCH_PATHS = "$(inherited) @executable_path/Frameworks @loader_path/Frameworks";
				PRODUCT_NAME = "$(TARGET_NAME)";
				TEST_HOST = "$(BUILT_PRODUCTS_DIR)/File_Manager.app/File_Manager";
			};
			name = Debug;
		};
		FF12615B1AD3016100135C60 /* Release */ = {
			isa = XCBuildConfiguration;
			buildSettings = {
				BUNDLE_LOADER = "$(TEST_HOST)";
				FRAMEWORK_SEARCH_PATHS = (
					"$(SDKROOT)/Developer/Library/Frameworks",
					"$(inherited)",
				);
				INFOPLIST_FILE = File_ManagerTests/Info.plist;
				LD_RUNPATH_SEARCH_PATHS = "$(inherited) @executable_path/Frameworks @loader_path/Frameworks";
				PRODUCT_NAME = "$(TARGET_NAME)";
				TEST_HOST = "$(BUILT_PRODUCTS_DIR)/File_Manager.app/File_Manager";
			};
			name = Release;
		};
/* End XCBuildConfiguration section */

/* Begin XCConfigurationList section */
		FF0C36031AF8348A004E772F /* Build configuration list for PBXNativeTarget "Save_File" */ = {
			isa = XCConfigurationList;
			buildConfigurations = (
				FF0C36041AF8348A004E772F /* Debug */,
				FF0C36051AF8348A004E772F /* Release */,
			);
			defaultConfigurationIsVisible = 0;
		};
		FF0C36201AF87A56004E772F /* Build configuration list for PBXNativeTarget "OnePlace" */ = {
			isa = XCConfigurationList;
			buildConfigurations = (
				FF0C36211AF87A56004E772F /* Debug */,
				FF0C36221AF87A56004E772F /* Release */,
			);
			defaultConfigurationIsVisible = 0;
		};
		FF1261321AD3016000135C60 /* Build configuration list for PBXProject "File_Manager" */ = {
			isa = XCConfigurationList;
			buildConfigurations = (
				FF1261541AD3016100135C60 /* Debug */,
				FF1261551AD3016100135C60 /* Release */,
			);
			defaultConfigurationIsVisible = 0;
			defaultConfigurationName = Release;
		};
		FF1261561AD3016100135C60 /* Build configuration list for PBXNativeTarget "File_Manager" */ = {
			isa = XCConfigurationList;
			buildConfigurations = (
				FF1261571AD3016100135C60 /* Debug */,
				FF1261581AD3016100135C60 /* Release */,
			);
			defaultConfigurationIsVisible = 0;
			defaultConfigurationName = Release;
		};
		FF1261591AD3016100135C60 /* Build configuration list for PBXNativeTarget "File_ManagerTests" */ = {
			isa = XCConfigurationList;
			buildConfigurations = (
				FF12615A1AD3016100135C60 /* Debug */,
				FF12615B1AD3016100135C60 /* Release */,
			);
			defaultConfigurationIsVisible = 0;
			defaultConfigurationName = Release;
		};
/* End XCConfigurationList section */
	};
	rootObject = FF12612F1AD3016000135C60 /* Project object */;
}
